// !$*UTF8*$!
{
	archiveVersion = 1;
	classes = {
	};
	objectVersion = 46;
	objects = {

/* Begin PBXBuildFile section */
		CCCFE5881F0B80A900B8B22C /* AppDelegate.swift in Sources */ = {isa = PBXBuildFile; fileRef = CCCFE5871F0B80A900B8B22C /* AppDelegate.swift */; };
		CCCFE58A1F0B80A900B8B22C /* ViewController.swift in Sources */ = {isa = PBXBuildFile; fileRef = CCCFE5891F0B80A900B8B22C /* ViewController.swift */; };
		CCCFE58D1F0B80A900B8B22C /* Main.storyboard in Resources */ = {isa = PBXBuildFile; fileRef = CCCFE58B1F0B80A900B8B22C /* Main.storyboard */; };
		CCCFE58F1F0B80A900B8B22C /* Assets.xcassets in Resources */ = {isa = PBXBuildFile; fileRef = CCCFE58E1F0B80A900B8B22C /* Assets.xcassets */; };
		CCCFE5921F0B80A900B8B22C /* LaunchScreen.storyboard in Resources */ = {isa = PBXBuildFile; fileRef = CCCFE5901F0B80A900B8B22C /* LaunchScreen.storyboard */; };
		CCCFE59D1F0B80A900B8B22C /* PhotoViewer_sampleTests.swift in Sources */ = {isa = PBXBuildFile; fileRef = CCCFE59C1F0B80A900B8B22C /* PhotoViewer_sampleTests.swift */; };
		CCCFE5A81F0B80A900B8B22C /* PhotoViewer_sampleUITests.swift in Sources */ = {isa = PBXBuildFile; fileRef = CCCFE5A71F0B80A900B8B22C /* PhotoViewer_sampleUITests.swift */; };
/* End PBXBuildFile section */

/* Begin PBXContainerItemProxy section */
		CCCFE5991F0B80A900B8B22C /* PBXContainerItemProxy */ = {
			isa = PBXContainerItemProxy;
			containerPortal = CCCFE57C1F0B80A900B8B22C /* Project object */;
			proxyType = 1;
			remoteGlobalIDString = CCCFE5831F0B80A900B8B22C;
			remoteInfo = PhotoViewer_sample;
		};
		CCCFE5A41F0B80A900B8B22C /* PBXContainerItemProxy */ = {
			isa = PBXContainerItemProxy;
			containerPortal = CCCFE57C1F0B80A900B8B22C /* Project object */;
			proxyType = 1;
			remoteGlobalIDString = CCCFE5831F0B80A900B8B22C;
			remoteInfo = PhotoViewer_sample;
		};
/* End PBXContainerItemProxy section */

/* Begin PBXFileReference section */
		CCCFE5841F0B80A900B8B22C /* PhotoViewer_sample.app */ = {isa = PBXFileReference; explicitFileType = wrapper.application; includeInIndex = 0; path = PhotoViewer_sample.app; sourceTree = BUILT_PRODUCTS_DIR; };
		CCCFE5871F0B80A900B8B22C /* AppDelegate.swift */ = {isa = PBXFileReference; lastKnownFileType = sourcecode.swift; path = AppDelegate.swift; sourceTree = "<group>"; };
		CCCFE5891F0B80A900B8B22C /* ViewController.swift */ = {isa = PBXFileReference; lastKnownFileType = sourcecode.swift; path = ViewController.swift; sourceTree = "<group>"; };
		CCCFE58C1F0B80A900B8B22C /* Base */ = {isa = PBXFileReference; lastKnownFileType = file.storyboard; name = Base; path = Base.lproj/Main.storyboard; sourceTree = "<group>"; };
		CCCFE58E1F0B80A900B8B22C /* Assets.xcassets */ = {isa = PBXFileReference; lastKnownFileType = folder.assetcatalog; path = Assets.xcassets; sourceTree = "<group>"; };
		CCCFE5911F0B80A900B8B22C /* Base */ = {isa = PBXFileReference; lastKnownFileType = file.storyboard; name = Base; path = Base.lproj/LaunchScreen.storyboard; sourceTree = "<group>"; };
		CCCFE5931F0B80A900B8B22C /* Info.plist */ = {isa = PBXFileReference; lastKnownFileType = text.plist.xml; path = Info.plist; sourceTree = "<group>"; };
		CCCFE5981F0B80A900B8B22C /* PhotoViewer_sampleTests.xctest */ = {isa = PBXFileReference; explicitFileType = wrapper.cfbundle; includeInIndex = 0; path = PhotoViewer_sampleTests.xctest; sourceTree = BUILT_PRODUCTS_DIR; };
		CCCFE59C1F0B80A900B8B22C /* PhotoViewer_sampleTests.swift */ = {isa = PBXFileReference; lastKnownFileType = sourcecode.swift; path = PhotoViewer_sampleTests.swift; sourceTree = "<group>"; };
		CCCFE59E1F0B80A900B8B22C /* Info.plist */ = {isa = PBXFileReference; lastKnownFileType = text.plist.xml; path = Info.plist; sourceTree = "<group>"; };
		CCCFE5A31F0B80A900B8B22C /* PhotoViewer_sampleUITests.xctest */ = {isa = PBXFileReference; explicitFileType = wrapper.cfbundle; includeInIndex = 0; path = PhotoViewer_sampleUITests.xctest; sourceTree = BUILT_PRODUCTS_DIR; };
		CCCFE5A71F0B80A900B8B22C /* PhotoViewer_sampleUITests.swift */ = {isa = PBXFileReference; lastKnownFileType = sourcecode.swift; path = PhotoViewer_sampleUITests.swift; sourceTree = "<group>"; };
		CCCFE5A91F0B80A900B8B22C /* Info.plist */ = {isa = PBXFileReference; lastKnownFileType = text.plist.xml; path = Info.plist; sourceTree = "<group>"; };
/* End PBXFileReference section */

/* Begin PBXFrameworksBuildPhase section */
		CCCFE5811F0B80A900B8B22C /* Frameworks */ = {
			isa = PBXFrameworksBuildPhase;
			buildActionMask = 2147483647;
			files = (
			);
			runOnlyForDeploymentPostprocessing = 0;
		};
		CCCFE5951F0B80A900B8B22C /* Frameworks */ = {
			isa = PBXFrameworksBuildPhase;
			buildActionMask = 2147483647;
			files = (
			);
			runOnlyForDeploymentPostprocessing = 0;
		};
		CCCFE5A01F0B80A900B8B22C /* Frameworks */ = {
			isa = PBXFrameworksBuildPhase;
			buildActionMask = 2147483647;
			files = (
			);
			runOnlyForDeploymentPostprocessing = 0;
		};
/* End PBXFrameworksBuildPhase section */

/* Begin PBXGroup section */
		CCCFE57B1F0B80A900B8B22C = {
			isa = PBXGroup;
			children = (
				CCCFE5861F0B80A900B8B22C /* PhotoViewer_sample */,
				CCCFE59B1F0B80A900B8B22C /* PhotoViewer_sampleTests */,
				CCCFE5A61F0B80A900B8B22C /* PhotoViewer_sampleUITests */,
				CCCFE5851F0B80A900B8B22C /* Products */,
			);
			sourceTree = "<group>";
		};
		CCCFE5851F0B80A900B8B22C /* Products */ = {
			isa = PBXGroup;
			children = (
				CCCFE5841F0B80A900B8B22C /* PhotoViewer_sample.app */,
				CCCFE5981F0B80A900B8B22C /* PhotoViewer_sampleTests.xctest */,
				CCCFE5A31F0B80A900B8B22C /* PhotoViewer_sampleUITests.xctest */,
			);
			name = Products;
			sourceTree = "<group>";
		};
		CCCFE5861F0B80A900B8B22C /* PhotoViewer_sample */ = {
			isa = PBXGroup;
			children = (
				CCCFE5871F0B80A900B8B22C /* AppDelegate.swift */,
				CCCFE5891F0B80A900B8B22C /* ViewController.swift */,
				CCCFE58B1F0B80A900B8B22C /* Main.storyboard */,
				CCCFE58E1F0B80A900B8B22C /* Assets.xcassets */,
				CCCFE5901F0B80A900B8B22C /* LaunchScreen.storyboard */,
				CCCFE5931F0B80A900B8B22C /* Info.plist */,
			);
			path = PhotoViewer_sample;
			sourceTree = "<group>";
		};
		CCCFE59B1F0B80A900B8B22C /* PhotoViewer_sampleTests */ = {
			isa = PBXGroup;
			children = (
				CCCFE59C1F0B80A900B8B22C /* PhotoViewer_sampleTests.swift */,
				CCCFE59E1F0B80A900B8B22C /* Info.plist */,
			);
			path = PhotoViewer_sampleTests;
			sourceTree = "<group>";
		};
		CCCFE5A61F0B80A900B8B22C /* PhotoViewer_sampleUITests */ = {
			isa = PBXGroup;
			children = (
				CCCFE5A71F0B80A900B8B22C /* PhotoViewer_sampleUITests.swift */,
				CCCFE5A91F0B80A900B8B22C /* Info.plist */,
			);
			path = PhotoViewer_sampleUITests;
			sourceTree = "<group>";
		};
/* End PBXGroup section */

/* Begin PBXNativeTarget section */
		CCCFE5831F0B80A900B8B22C /* PhotoViewer_sample */ = {
			isa = PBXNativeTarget;
			buildConfigurationList = CCCFE5AC1F0B80A900B8B22C /* Build configuration list for PBXNativeTarget "PhotoViewer_sample" */;
			buildPhases = (
				CCCFE5801F0B80A900B8B22C /* Sources */,
				CCCFE5811F0B80A900B8B22C /* Frameworks */,
				CCCFE5821F0B80A900B8B22C /* Resources */,
			);
			buildRules = (
			);
			dependencies = (
			);
			name = PhotoViewer_sample;
			productName = PhotoViewer_sample;
			productReference = CCCFE5841F0B80A900B8B22C /* PhotoViewer_sample.app */;
			productType = "com.apple.product-type.application";
		};
		CCCFE5971F0B80A900B8B22C /* PhotoViewer_sampleTests */ = {
			isa = PBXNativeTarget;
			buildConfigurationList = CCCFE5AF1F0B80A900B8B22C /* Build configuration list for PBXNativeTarget "PhotoViewer_sampleTests" */;
			buildPhases = (
				CCCFE5941F0B80A900B8B22C /* Sources */,
				CCCFE5951F0B80A900B8B22C /* Frameworks */,
				CCCFE5961F0B80A900B8B22C /* Resources */,
			);
			buildRules = (
			);
			dependencies = (
				CCCFE59A1F0B80A900B8B22C /* PBXTargetDependency */,
			);
			name = PhotoViewer_sampleTests;
			productName = PhotoViewer_sampleTests;
			productReference = CCCFE5981F0B80A900B8B22C /* PhotoViewer_sampleTests.xctest */;
			productType = "com.apple.product-type.bundle.unit-test";
		};
		CCCFE5A21F0B80A900B8B22C /* PhotoViewer_sampleUITests */ = {
			isa = PBXNativeTarget;
			buildConfigurationList = CCCFE5B21F0B80A900B8B22C /* Build configuration list for PBXNativeTarget "PhotoViewer_sampleUITests" */;
			buildPhases = (
				CCCFE59F1F0B80A900B8B22C /* Sources */,
				CCCFE5A01F0B80A900B8B22C /* Frameworks */,
				CCCFE5A11F0B80A900B8B22C /* Resources */,
			);
			buildRules = (
			);
			dependencies = (
				CCCFE5A51F0B80A900B8B22C /* PBXTargetDependency */,
			);
			name = PhotoViewer_sampleUITests;
			productName = PhotoViewer_sampleUITests;
			productReference = CCCFE5A31F0B80A900B8B22C /* PhotoViewer_sampleUITests.xctest */;
			productType = "com.apple.product-type.bundle.ui-testing";
		};
/* End PBXNativeTarget section */

/* Begin PBXProject section */
		CCCFE57C1F0B80A900B8B22C /* Project object */ = {
			isa = PBXProject;
			attributes = {
				LastSwiftUpdateCheck = 0830;
				LastUpgradeCheck = 0830;
				ORGANIZATIONNAME = "鳥居隆弘";
				TargetAttributes = {
					CCCFE5831F0B80A900B8B22C = {
						CreatedOnToolsVersion = 8.3;
						DevelopmentTeam = DJMA973CXQ;
						ProvisioningStyle = Automatic;
					};
					CCCFE5971F0B80A900B8B22C = {
						CreatedOnToolsVersion = 8.3;
						DevelopmentTeam = DJMA973CXQ;
						ProvisioningStyle = Automatic;
						TestTargetID = CCCFE5831F0B80A900B8B22C;
					};
					CCCFE5A21F0B80A900B8B22C = {
						CreatedOnToolsVersion = 8.3;
						DevelopmentTeam = DJMA973CXQ;
						ProvisioningStyle = Automatic;
						TestTargetID = CCCFE5831F0B80A900B8B22C;
					};
				};
			};
			buildConfigurationList = CCCFE57F1F0B80A900B8B22C /* Build configuration list for PBXProject "PhotoViewer_sample" */;
			compatibilityVersion = "Xcode 3.2";
			developmentRegion = English;
			hasScannedForEncodings = 0;
			knownRegions = (
				en,
				Base,
			);
			mainGroup = CCCFE57B1F0B80A900B8B22C;
			productRefGroup = CCCFE5851F0B80A900B8B22C /* Products */;
			projectDirPath = "";
			projectRoot = "";
			targets = (
				CCCFE5831F0B80A900B8B22C /* PhotoViewer_sample */,
				CCCFE5971F0B80A900B8B22C /* PhotoViewer_sampleTests */,
				CCCFE5A21F0B80A900B8B22C /* PhotoViewer_sampleUITests */,
			);
		};
/* End PBXProject section */

/* Begin PBXResourcesBuildPhase section */
		CCCFE5821F0B80A900B8B22C /* Resources */ = {
			isa = PBXResourcesBuildPhase;
			buildActionMask = 2147483647;
			files = (
				CCCFE5921F0B80A900B8B22C /* LaunchScreen.storyboard in Resources */,
				CCCFE58F1F0B80A900B8B22C /* Assets.xcassets in Resources */,
				CCCFE58D1F0B80A900B8B22C /* Main.storyboard in Resources */,
			);
			runOnlyForDeploymentPostprocessing = 0;
		};
		CCCFE5961F0B80A900B8B22C /* Resources */ = {
			isa = PBXResourcesBuildPhase;
			buildActionMask = 2147483647;
			files = (
			);
			runOnlyForDeploymentPostprocessing = 0;
		};
		CCCFE5A11F0B80A900B8B22C /* Resources */ = {
			isa = PBXResourcesBuildPhase;
			buildActionMask = 2147483647;
			files = (
			);
			runOnlyForDeploymentPostprocessing = 0;
		};
/* End PBXResourcesBuildPhase section */

/* Begin PBXSourcesBuildPhase section */
		CCCFE5801F0B80A900B8B22C /* Sources */ = {
			isa = PBXSourcesBuildPhase;
			buildActionMask = 2147483647;
			files = (
				CCCFE58A1F0B80A900B8B22C /* ViewController.swift in Sources */,
				CCCFE5881F0B80A900B8B22C /* AppDelegate.swift in Sources */,
			);
			runOnlyForDeploymentPostprocessing = 0;
		};
		CCCFE5941F0B80A900B8B22C /* Sources */ = {
			isa = PBXSourcesBuildPhase;
			buildActionMask = 2147483647;
			files = (
				CCCFE59D1F0B80A900B8B22C /* PhotoViewer_sampleTests.swift in Sources */,
			);
			runOnlyForDeploymentPostprocessing = 0;
		};
		CCCFE59F1F0B80A900B8B22C /* Sources */ = {
			isa = PBXSourcesBuildPhase;
			buildActionMask = 2147483647;
			files = (
				CCCFE5A81F0B80A900B8B22C /* PhotoViewer_sampleUITests.swift in Sources */,
			);
			runOnlyForDeploymentPostprocessing = 0;
		};
/* End PBXSourcesBuildPhase section */

/* Begin PBXTargetDependency section */
		CCCFE59A1F0B80A900B8B22C /* PBXTargetDependency */ = {
			isa = PBXTargetDependency;
			target = CCCFE5831F0B80A900B8B22C /* PhotoViewer_sample */;
			targetProxy = CCCFE5991F0B80A900B8B22C /* PBXContainerItemProxy */;
		};
		CCCFE5A51F0B80A900B8B22C /* PBXTargetDependency */ = {
			isa = PBXTargetDependency;
			target = CCCFE5831F0B80A900B8B22C /* PhotoViewer_sample */;
			targetProxy = CCCFE5A41F0B80A900B8B22C /* PBXContainerItemProxy */;
		};
/* End PBXTargetDependency section */

/* Begin PBXVariantGroup section */
		CCCFE58B1F0B80A900B8B22C /* Main.storyboard */ = {
			isa = PBXVariantGroup;
			children = (
				CCCFE58C1F0B80A900B8B22C /* Base */,
			);
			name = Main.storyboard;
			sourceTree = "<group>";
		};
		CCCFE5901F0B80A900B8B22C /* LaunchScreen.storyboard */ = {
			isa = PBXVariantGroup;
			children = (
				CCCFE5911F0B80A900B8B22C /* Base */,
			);
			name = LaunchScreen.storyboard;
			sourceTree = "<group>";
		};
/* End PBXVariantGroup section */

/* Begin XCBuildConfiguration section */
		CCCFE5AA1F0B80A900B8B22C /* Debug */ = {
			isa = XCBuildConfiguration;
			buildSettings = {
				ALWAYS_SEARCH_USER_PATHS = NO;
				CLANG_ANALYZER_NONNULL = YES;
				CLANG_ANALYZER_NUMBER_OBJECT_CONVERSION = YES_AGGRESSIVE;
				CLANG_CXX_LANGUAGE_STANDARD = "gnu++0x";
				CLANG_CXX_LIBRARY = "libc++";
				CLANG_ENABLE_MODULES = YES;
				CLANG_ENABLE_OBJC_ARC = YES;
				CLANG_WARN_BOOL_CONVERSION = YES;
				CLANG_WARN_CONSTANT_CONVERSION = YES;
				CLANG_WARN_DIRECT_OBJC_ISA_USAGE = YES_ERROR;
				CLANG_WARN_DOCUMENTATION_COMMENTS = YES;
				CLANG_WARN_EMPTY_BODY = YES;
				CLANG_WARN_ENUM_CONVERSION = YES;
				CLANG_WARN_INFINITE_RECURSION = YES;
				CLANG_WARN_INT_CONVERSION = YES;
				CLANG_WARN_OBJC_ROOT_CLASS = YES_ERROR;
				CLANG_WARN_SUSPICIOUS_MOVE = YES;
				CLANG_WARN_UNREACHABLE_CODE = YES;
				CLANG_WARN__DUPLICATE_METHOD_MATCH = YES;
				"CODE_SIGN_IDENTITY[sdk=iphoneos*]" = "iPhone Developer";
				COPY_PHASE_STRIP = NO;
				DEBUG_INFORMATION_FORMAT = dwarf;
				ENABLE_STRICT_OBJC_MSGSEND = YES;
				ENABLE_TESTABILITY = YES;
				GCC_C_LANGUAGE_STANDARD = gnu99;
				GCC_DYNAMIC_NO_PIC = NO;
				GCC_NO_COMMON_BLOCKS = YES;
				GCC_OPTIMIZATION_LEVEL = 0;
				GCC_PREPROCESSOR_DEFINITIONS = (
					"DEBUG=1",
					"$(inherited)",
				);
				GCC_WARN_64_TO_32_BIT_CONVERSION = YES;
				GCC_WARN_ABOUT_RETURN_TYPE = YES_ERROR;
				GCC_WARN_UNDECLARED_SELECTOR = YES;
				GCC_WARN_UNINITIALIZED_AUTOS = YES_AGGRESSIVE;
				GCC_WARN_UNUSED_FUNCTION = YES;
				GCC_WARN_UNUSED_VARIABLE = YES;
				IPHONEOS_DEPLOYMENT_TARGET = 10.3;
				MTL_ENABLE_DEBUG_INFO = YES;
				ONLY_ACTIVE_ARCH = YES;
				SDKROOT = iphoneos;
				SWIFT_ACTIVE_COMPILATION_CONDITIONS = DEBUG;
				SWIFT_OPTIMIZATION_LEVEL = "-Onone";
			};
			name = Debug;
		};
		CCCFE5AB1F0B80A900B8B22C /* Release */ = {
			isa = XCBuildConfiguration;
			buildSettings = {
				ALWAYS_SEARCH_USER_PATHS = NO;
				CLANG_ANALYZER_NONNULL = YES;
				CLANG_ANALYZER_NUMBER_OBJECT_CONVERSION = YES_AGGRESSIVE;
				CLANG_CXX_LANGUAGE_STANDARD = "gnu++0x";
				CLANG_CXX_LIBRARY = "libc++";
				CLANG_ENABLE_MODULES = YES;
				CLANG_ENABLE_OBJC_ARC = YES;
				CLANG_WARN_BOOL_CONVERSION = YES;
				CLANG_WARN_CONSTANT_CONVERSION = YES;
				CLANG_WARN_DIRECT_OBJC_ISA_USAGE = YES_ERROR;
				CLANG_WARN_DOCUMENTATION_COMMENTS = YES;
				CLANG_WARN_EMPTY_BODY = YES;
				CLANG_WARN_ENUM_CONVERSION = YES;
				CLANG_WARN_INFINITE_RECURSION = YES;
				CLANG_WARN_INT_CONVERSION = YES;
				CLANG_WARN_OBJC_ROOT_CLASS = YES_ERROR;
				CLANG_WARN_SUSPICIOUS_MOVE = YES;
				CLANG_WARN_UNREACHABLE_CODE = YES;
				CLANG_WARN__DUPLICATE_METHOD_MATCH = YES;
				"CODE_SIGN_IDENTITY[sdk=iphoneos*]" = "iPhone Developer";
				COPY_PHASE_STRIP = NO;
				DEBUG_INFORMATION_FORMAT = "dwarf-with-dsym";
				ENABLE_NS_ASSERTIONS = NO;
				ENABLE_STRICT_OBJC_MSGSEND = YES;
				GCC_C_LANGUAGE_STANDARD = gnu99;
				GCC_NO_COMMON_BLOCKS = YES;
				GCC_WARN_64_TO_32_BIT_CONVERSION = YES;
				GCC_WARN_ABOUT_RETURN_TYPE = YES_ERROR;
				GCC_WARN_UNDECLARED_SELECTOR = YES;
				GCC_WARN_UNINITIALIZED_AUTOS = YES_AGGRESSIVE;
				GCC_WARN_UNUSED_FUNCTION = YES;
				GCC_WARN_UNUSED_VARIABLE = YES;
				IPHONEOS_DEPLOYMENT_TARGET = 10.3;
				MTL_ENABLE_DEBUG_INFO = NO;
				SDKROOT = iphoneos;
				SWIFT_OPTIMIZATION_LEVEL = "-Owholemodule";
				VALIDATE_PRODUCT = YES;
			};
			name = Release;
		};
		CCCFE5AD1F0B80A900B8B22C /* Debug */ = {
			isa = XCBuildConfiguration;
			buildSettings = {
				ASSETCATALOG_COMPILER_APPICON_NAME = AppIcon;
				DEVELOPMENT_TEAM = DJMA973CXQ;
				INFOPLIST_FILE = PhotoViewer_sample/Info.plist;
				LD_RUNPATH_SEARCH_PATHS = "$(inherited) @executable_path/Frameworks";
				PRODUCT_BUNDLE_IDENTIFIER = "taka.inc.PhotoViewer-sample";
				PRODUCT_NAME = "$(TARGET_NAME)";
				SWIFT_VERSION = 3.0;
			};
			name = Debug;
		};
		CCCFE5AE1F0B80A900B8B22C /* Release */ = {
			isa = XCBuildConfiguration;
			buildSettings = {
				ASSETCATALOG_COMPILER_APPICON_NAME = AppIcon;
				DEVELOPMENT_TEAM = DJMA973CXQ;
				INFOPLIST_FILE = PhotoViewer_sample/Info.plist;
				LD_RUNPATH_SEARCH_PATHS = "$(inherited) @executable_path/Frameworks";
				PRODUCT_BUNDLE_IDENTIFIER = "taka.inc.PhotoViewer-sample";
				PRODUCT_NAME = "$(TARGET_NAME)";
				SWIFT_VERSION = 3.0;
			};
			name = Release;
		};
		CCCFE5B01F0B80A900B8B22C /* Debug */ = {
			isa = XCBuildConfiguration;
			buildSettings = {
				ALWAYS_EMBED_SWIFT_STANDARD_LIBRARIES = YES;
				BUNDLE_LOADER = "$(TEST_HOST)";
				DEVELOPMENT_TEAM = DJMA973CXQ;
				INFOPLIST_FILE = PhotoViewer_sampleTests/Info.plist;
				LD_RUNPATH_SEARCH_PATHS = "$(inherited) @executable_path/Frameworks @loader_path/Frameworks";
				PRODUCT_BUNDLE_IDENTIFIER = "taka.inc.PhotoViewer-sampleTests";
				PRODUCT_NAME = "$(TARGET_NAME)";
				SWIFT_VERSION = 3.0;
				TEST_HOST = "$(BUILT_PRODUCTS_DIR)/PhotoViewer_sample.app/PhotoViewer_sample";
			};
			name = Debug;
		};
		CCCFE5B11F0B80A900B8B22C /* Release */ = {
			isa = XCBuildConfiguration;
			buildSettings = {
				ALWAYS_EMBED_SWIFT_STANDARD_LIBRARIES = YES;
				BUNDLE_LOADER = "$(TEST_HOST)";
				DEVELOPMENT_TEAM = DJMA973CXQ;
				INFOPLIST_FILE = PhotoViewer_sampleTests/Info.plist;
				LD_RUNPATH_SEARCH_PATHS = "$(inherited) @executable_path/Frameworks @loader_path/Frameworks";
				PRODUCT_BUNDLE_IDENTIFIER = "taka.inc.PhotoViewer-sampleTests";
				PRODUCT_NAME = "$(TARGET_NAME)";
				SWIFT_VERSION = 3.0;
				TEST_HOST = "$(BUILT_PRODUCTS_DIR)/PhotoViewer_sample.app/PhotoViewer_sample";
			};
			name = Release;
		};
		CCCFE5B31F0B80A900B8B22C /* Debug */ = {
			isa = XCBuildConfiguration;
			buildSettings = {
				ALWAYS_EMBED_SWIFT_STANDARD_LIBRARIES = YES;
				DEVELOPMENT_TEAM = DJMA973CXQ;
				INFOPLIST_FILE = PhotoViewer_sampleUITests/Info.plist;
				LD_RUNPATH_SEARCH_PATHS = "$(inherited) @executable_path/Frameworks @loader_path/Frameworks";
				PRODUCT_BUNDLE_IDENTIFIER = "taka.inc.PhotoViewer-sampleUITests";
				PRODUCT_NAME = "$(TARGET_NAME)";
				SWIFT_VERSION = 3.0;
				TEST_TARGET_NAME = PhotoViewer_sample;
			};
			name = Debug;
		};
		CCCFE5B41F0B80A900B8B22C /* Release */ = {
			isa = XCBuildConfiguration;
			buildSettings = {
				ALWAYS_EMBED_SWIFT_STANDARD_LIBRARIES = YES;
				DEVELOPMENT_TEAM = DJMA973CXQ;
				INFOPLIST_FILE = PhotoViewer_sampleUITests/Info.plist;
				LD_RUNPATH_SEARCH_PATHS = "$(inherited) @executable_path/Frameworks @loader_path/Frameworks";
				PRODUCT_BUNDLE_IDENTIFIER = "taka.inc.PhotoViewer-sampleUITests";
				PRODUCT_NAME = "$(TARGET_NAME)";
				SWIFT_VERSION = 3.0;
				TEST_TARGET_NAME = PhotoViewer_sample;
			};
			name = Release;
		};
/* End XCBuildConfiguration section */

/* Begin XCConfigurationList section */
		CCCFE57F1F0B80A900B8B22C /* Build configuration list for PBXProject "PhotoViewer_sample" */ = {
			isa = XCConfigurationList;
			buildConfigurations = (
				CCCFE5AA1F0B80A900B8B22C /* Debug */,
				CCCFE5AB1F0B80A900B8B22C /* Release */,
			);
			defaultConfigurationIsVisible = 0;
			defaultConfigurationName = Release;
		};
		CCCFE5AC1F0B80A900B8B22C /* Build configuration list for PBXNativeTarget "PhotoViewer_sample" */ = {
			isa = XCConfigurationList;
			buildConfigurations = (
				CCCFE5AD1F0B80A900B8B22C /* Debug */,
				CCCFE5AE1F0B80A900B8B22C /* Release */,
			);
			defaultConfigurationIsVisible = 0;
		};
		CCCFE5AF1F0B80A900B8B22C /* Build configuration list for PBXNativeTarget "PhotoViewer_sampleTests" */ = {
			isa = XCConfigurationList;
			buildConfigurations = (
				CCCFE5B01F0B80A900B8B22C /* Debug */,
				CCCFE5B11F0B80A900B8B22C /* Release */,
			);
			defaultConfigurationIsVisible = 0;
		};
		CCCFE5B21F0B80A900B8B22C /* Build configuration list for PBXNativeTarget "PhotoViewer_sampleUITests" */ = {
			isa = XCConfigurationList;
			buildConfigurations = (
				CCCFE5B31F0B80A900B8B22C /* Debug */,
				CCCFE5B41F0B80A900B8B22C /* Release */,
			);
			defaultConfigurationIsVisible = 0;
		};
/* End XCConfigurationList section */
	};
	rootObject = CCCFE57C1F0B80A900B8B22C /* Project object */;
}
