// !$*UTF8*$!
{
	archiveVersion = 1;
	classes = {
	};
	objectVersion = 46;
	objects = {

/* Begin PBXBuildFile section */
		4ADA1B054C22332A343646D2 /* Pods_PhotoViewer_sample.framework in Frameworks */ = {isa = PBXBuildFile; fileRef = DA4EACDD3FE8C0B5460D8DCE /* Pods_PhotoViewer_sample.framework */; };
		8CBA7D2D1A6459459EBC42D6 /* Pods_PhotoViewer_sampleUITests.framework in Frameworks */ = {isa = PBXBuildFile; fileRef = DF43E758A124C5C310F301EB /* Pods_PhotoViewer_sampleUITests.framework */; };
		CC4FA36A1F0E951000C8A43E /* FlickrProvider.swift in Sources */ = {isa = PBXBuildFile; fileRef = CC4FA3691F0E950F00C8A43E /* FlickrProvider.swift */; };
		CC4FA36C1F0E955B00C8A43E /* FlickrPhoto.swift in Sources */ = {isa = PBXBuildFile; fileRef = CC4FA36B1F0E955B00C8A43E /* FlickrPhoto.swift */; };
		CC4FA36E1F0F462700C8A43E /* ImgViewController.swift in Sources */ = {isa = PBXBuildFile; fileRef = CC4FA36D1F0F462700C8A43E /* ImgViewController.swift */; };
		CC8B842B1F0B8AAE004CFAF5 /* PhotoListViewController.swift in Sources */ = {isa = PBXBuildFile; fileRef = CC8B842A1F0B8AAE004CFAF5 /* PhotoListViewController.swift */; };
		CC8B842D1F0BDC8B004CFAF5 /* Constants.swift in Sources */ = {isa = PBXBuildFile; fileRef = CC8B842C1F0BDC8B004CFAF5 /* Constants.swift */; };
		CCCFE5881F0B80A900B8B22C /* AppDelegate.swift in Sources */ = {isa = PBXBuildFile; fileRef = CCCFE5871F0B80A900B8B22C /* AppDelegate.swift */; };
		CCCFE58D1F0B80A900B8B22C /* Main.storyboard in Resources */ = {isa = PBXBuildFile; fileRef = CCCFE58B1F0B80A900B8B22C /* Main.storyboard */; };
		CCCFE58F1F0B80A900B8B22C /* Assets.xcassets in Resources */ = {isa = PBXBuildFile; fileRef = CCCFE58E1F0B80A900B8B22C /* Assets.xcassets */; };
		CCCFE5921F0B80A900B8B22C /* LaunchScreen.storyboard in Resources */ = {isa = PBXBuildFile; fileRef = CCCFE5901F0B80A900B8B22C /* LaunchScreen.storyboard */; };
		CCCFE59D1F0B80A900B8B22C /* PhotoViewer_sampleTests.swift in Sources */ = {isa = PBXBuildFile; fileRef = CCCFE59C1F0B80A900B8B22C /* PhotoViewer_sampleTests.swift */; };
		CCCFE5A81F0B80A900B8B22C /* PhotoViewer_sampleUITests.swift in Sources */ = {isa = PBXBuildFile; fileRef = CCCFE5A71F0B80A900B8B22C /* PhotoViewer_sampleUITests.swift */; };
		CCCFE5B71F0B80EC00B8B22C /* PhotoListTableViewCell.swift in Sources */ = {isa = PBXBuildFile; fileRef = CCCFE5B51F0B80EC00B8B22C /* PhotoListTableViewCell.swift */; };
		CCCFE5B81F0B80EC00B8B22C /* PhotoListTableViewCell.xib in Resources */ = {isa = PBXBuildFile; fileRef = CCCFE5B61F0B80EC00B8B22C /* PhotoListTableViewCell.xib */; };
		D719052A7E4BCF3691B13E32 /* Pods_PhotoViewer_sampleTests.framework in Frameworks */ = {isa = PBXBuildFile; fileRef = 0BAD53180CEBC678D36DCA4F /* Pods_PhotoViewer_sampleTests.framework */; };
/* End PBXBuildFile section */

/* Begin PBXContainerItemProxy section */
		CCCFE5991F0B80A900B8B22C /* PBXContainerItemProxy */ = {
			isa = PBXContainerItemProxy;
			containerPortal = CCCFE57C1F0B80A900B8B22C /* Project object */;
			proxyType = 1;
			remoteGlobalIDString = CCCFE5831F0B80A900B8B22C;
			remoteInfo = PhotoViewer_sample;
		};
		CCCFE5A41F0B80A900B8B22C /* PBXContainerItemProxy */ = {
			isa = PBXContainerItemProxy;
			containerPortal = CCCFE57C1F0B80A900B8B22C /* Project object */;
			proxyType = 1;
			remoteGlobalIDString = CCCFE5831F0B80A900B8B22C;
			remoteInfo = PhotoViewer_sample;
		};
/* End PBXContainerItemProxy section */

/* Begin PBXFileReference section */
		0BAD53180CEBC678D36DCA4F /* Pods_PhotoViewer_sampleTests.framework */ = {isa = PBXFileReference; explicitFileType = wrapper.framework; includeInIndex = 0; path = Pods_PhotoViewer_sampleTests.framework; sourceTree = BUILT_PRODUCTS_DIR; };
		42AF56FD5BBA9CD51B929226 /* Pods-PhotoViewer_sample.debug.xcconfig */ = {isa = PBXFileReference; includeInIndex = 1; lastKnownFileType = text.xcconfig; name = "Pods-PhotoViewer_sample.debug.xcconfig"; path = "Pods/Target Support Files/Pods-PhotoViewer_sample/Pods-PhotoViewer_sample.debug.xcconfig"; sourceTree = "<group>"; };
		43469BD44A3EBCD38AAE9EEE /* Pods-PhotoViewer_sample.release.xcconfig */ = {isa = PBXFileReference; includeInIndex = 1; lastKnownFileType = text.xcconfig; name = "Pods-PhotoViewer_sample.release.xcconfig"; path = "Pods/Target Support Files/Pods-PhotoViewer_sample/Pods-PhotoViewer_sample.release.xcconfig"; sourceTree = "<group>"; };
		62A8D4228FA2933AEED9645C /* Pods-PhotoViewer_sampleUITests.debug.xcconfig */ = {isa = PBXFileReference; includeInIndex = 1; lastKnownFileType = text.xcconfig; name = "Pods-PhotoViewer_sampleUITests.debug.xcconfig"; path = "Pods/Target Support Files/Pods-PhotoViewer_sampleUITests/Pods-PhotoViewer_sampleUITests.debug.xcconfig"; sourceTree = "<group>"; };
		663B80D5BAAADF5D8D90BF91 /* Pods-PhotoViewer_sampleTests.debug.xcconfig */ = {isa = PBXFileReference; includeInIndex = 1; lastKnownFileType = text.xcconfig; name = "Pods-PhotoViewer_sampleTests.debug.xcconfig"; path = "Pods/Target Support Files/Pods-PhotoViewer_sampleTests/Pods-PhotoViewer_sampleTests.debug.xcconfig"; sourceTree = "<group>"; };
		6E4F1EDB3988BFFC9E179117 /* Pods-PhotoViewer_sampleUITests.release.xcconfig */ = {isa = PBXFileReference; includeInIndex = 1; lastKnownFileType = text.xcconfig; name = "Pods-PhotoViewer_sampleUITests.release.xcconfig"; path = "Pods/Target Support Files/Pods-PhotoViewer_sampleUITests/Pods-PhotoViewer_sampleUITests.release.xcconfig"; sourceTree = "<group>"; };
		85D33DA7D3666861A5DC4CFC /* Pods-PhotoViewer_sampleTests.release.xcconfig */ = {isa = PBXFileReference; includeInIndex = 1; lastKnownFileType = text.xcconfig; name = "Pods-PhotoViewer_sampleTests.release.xcconfig"; path = "Pods/Target Support Files/Pods-PhotoViewer_sampleTests/Pods-PhotoViewer_sampleTests.release.xcconfig"; sourceTree = "<group>"; };
		CC4FA3691F0E950F00C8A43E /* FlickrProvider.swift */ = {isa = PBXFileReference; fileEncoding = 4; lastKnownFileType = sourcecode.swift; path = FlickrProvider.swift; sourceTree = "<group>"; };
		CC4FA36B1F0E955B00C8A43E /* FlickrPhoto.swift */ = {isa = PBXFileReference; fileEncoding = 4; lastKnownFileType = sourcecode.swift; path = FlickrPhoto.swift; sourceTree = "<group>"; };
		CC4FA36D1F0F462700C8A43E /* ImgViewController.swift */ = {isa = PBXFileReference; fileEncoding = 4; lastKnownFileType = sourcecode.swift; path = ImgViewController.swift; sourceTree = "<group>"; };
		CC8B842A1F0B8AAE004CFAF5 /* PhotoListViewController.swift */ = {isa = PBXFileReference; fileEncoding = 4; lastKnownFileType = sourcecode.swift; path = PhotoListViewController.swift; sourceTree = "<group>"; };
		CC8B842C1F0BDC8B004CFAF5 /* Constants.swift */ = {isa = PBXFileReference; fileEncoding = 4; lastKnownFileType = sourcecode.swift; path = Constants.swift; sourceTree = "<group>"; };
		CCCFE5841F0B80A900B8B22C /* PhotoViewer_sample.app */ = {isa = PBXFileReference; explicitFileType = wrapper.application; includeInIndex = 0; path = PhotoViewer_sample.app; sourceTree = BUILT_PRODUCTS_DIR; };
		CCCFE5871F0B80A900B8B22C /* AppDelegate.swift */ = {isa = PBXFileReference; lastKnownFileType = sourcecode.swift; path = AppDelegate.swift; sourceTree = "<group>"; };
		CCCFE58C1F0B80A900B8B22C /* Base */ = {isa = PBXFileReference; lastKnownFileType = file.storyboard; name = Base; path = Base.lproj/Main.storyboard; sourceTree = "<group>"; };
		CCCFE58E1F0B80A900B8B22C /* Assets.xcassets */ = {isa = PBXFileReference; lastKnownFileType = folder.assetcatalog; path = Assets.xcassets; sourceTree = "<group>"; };
		CCCFE5911F0B80A900B8B22C /* Base */ = {isa = PBXFileReference; lastKnownFileType = file.storyboard; name = Base; path = Base.lproj/LaunchScreen.storyboard; sourceTree = "<group>"; };
		CCCFE5931F0B80A900B8B22C /* Info.plist */ = {isa = PBXFileReference; lastKnownFileType = text.plist.xml; path = Info.plist; sourceTree = "<group>"; };
		CCCFE5981F0B80A900B8B22C /* PhotoViewer_sampleTests.xctest */ = {isa = PBXFileReference; explicitFileType = wrapper.cfbundle; includeInIndex = 0; path = PhotoViewer_sampleTests.xctest; sourceTree = BUILT_PRODUCTS_DIR; };
		CCCFE59C1F0B80A900B8B22C /* PhotoViewer_sampleTests.swift */ = {isa = PBXFileReference; lastKnownFileType = sourcecode.swift; path = PhotoViewer_sampleTests.swift; sourceTree = "<group>"; };
		CCCFE59E1F0B80A900B8B22C /* Info.plist */ = {isa = PBXFileReference; lastKnownFileType = text.plist.xml; path = Info.plist; sourceTree = "<group>"; };
		CCCFE5A31F0B80A900B8B22C /* PhotoViewer_sampleUITests.xctest */ = {isa = PBXFileReference; explicitFileType = wrapper.cfbundle; includeInIndex = 0; path = PhotoViewer_sampleUITests.xctest; sourceTree = BUILT_PRODUCTS_DIR; };
		CCCFE5A71F0B80A900B8B22C /* PhotoViewer_sampleUITests.swift */ = {isa = PBXFileReference; lastKnownFileType = sourcecode.swift; path = PhotoViewer_sampleUITests.swift; sourceTree = "<group>"; };
		CCCFE5A91F0B80A900B8B22C /* Info.plist */ = {isa = PBXFileReference; lastKnownFileType = text.plist.xml; path = Info.plist; sourceTree = "<group>"; };
		CCCFE5B51F0B80EC00B8B22C /* PhotoListTableViewCell.swift */ = {isa = PBXFileReference; fileEncoding = 4; lastKnownFileType = sourcecode.swift; path = PhotoListTableViewCell.swift; sourceTree = "<group>"; };
		CCCFE5B61F0B80EC00B8B22C /* PhotoListTableViewCell.xib */ = {isa = PBXFileReference; fileEncoding = 4; lastKnownFileType = file.xib; path = PhotoListTableViewCell.xib; sourceTree = "<group>"; };
		DA4EACDD3FE8C0B5460D8DCE /* Pods_PhotoViewer_sample.framework */ = {isa = PBXFileReference; explicitFileType = wrapper.framework; includeInIndex = 0; path = Pods_PhotoViewer_sample.framework; sourceTree = BUILT_PRODUCTS_DIR; };
		DF43E758A124C5C310F301EB /* Pods_PhotoViewer_sampleUITests.framework */ = {isa = PBXFileReference; explicitFileType = wrapper.framework; includeInIndex = 0; path = Pods_PhotoViewer_sampleUITests.framework; sourceTree = BUILT_PRODUCTS_DIR; };
/* End PBXFileReference section */

/* Begin PBXFrameworksBuildPhase section */
		CCCFE5811F0B80A900B8B22C /* Frameworks */ = {
			isa = PBXFrameworksBuildPhase;
			buildActionMask = 2147483647;
			files = (
				4ADA1B054C22332A343646D2 /* Pods_PhotoViewer_sample.framework in Frameworks */,
			);
			runOnlyForDeploymentPostprocessing = 0;
		};
		CCCFE5951F0B80A900B8B22C /* Frameworks */ = {
			isa = PBXFrameworksBuildPhase;
			buildActionMask = 2147483647;
			files = (
				D719052A7E4BCF3691B13E32 /* Pods_PhotoViewer_sampleTests.framework in Frameworks */,
			);
			runOnlyForDeploymentPostprocessing = 0;
		};
		CCCFE5A01F0B80A900B8B22C /* Frameworks */ = {
			isa = PBXFrameworksBuildPhase;
			buildActionMask = 2147483647;
			files = (
				8CBA7D2D1A6459459EBC42D6 /* Pods_PhotoViewer_sampleUITests.framework in Frameworks */,
			);
			runOnlyForDeploymentPostprocessing = 0;
		};
/* End PBXFrameworksBuildPhase section */

/* Begin PBXGroup section */
		1A082C67BD4F272EC2851555 /* Frameworks */ = {
			isa = PBXGroup;
			children = (
				DA4EACDD3FE8C0B5460D8DCE /* Pods_PhotoViewer_sample.framework */,
				0BAD53180CEBC678D36DCA4F /* Pods_PhotoViewer_sampleTests.framework */,
				DF43E758A124C5C310F301EB /* Pods_PhotoViewer_sampleUITests.framework */,
			);
			name = Frameworks;
			sourceTree = "<group>";
		};
		CCCFE57B1F0B80A900B8B22C = {
			isa = PBXGroup;
			children = (
				CCCFE5861F0B80A900B8B22C /* PhotoViewer_sample */,
				CCCFE59B1F0B80A900B8B22C /* PhotoViewer_sampleTests */,
				CCCFE5A61F0B80A900B8B22C /* PhotoViewer_sampleUITests */,
				CCCFE5851F0B80A900B8B22C /* Products */,
				E010F942C76703CFD773B5F6 /* Pods */,
				1A082C67BD4F272EC2851555 /* Frameworks */,
			);
			sourceTree = "<group>";
		};
		CCCFE5851F0B80A900B8B22C /* Products */ = {
			isa = PBXGroup;
			children = (
				CCCFE5841F0B80A900B8B22C /* PhotoViewer_sample.app */,
				CCCFE5981F0B80A900B8B22C /* PhotoViewer_sampleTests.xctest */,
				CCCFE5A31F0B80A900B8B22C /* PhotoViewer_sampleUITests.xctest */,
			);
			name = Products;
			sourceTree = "<group>";
		};
		CCCFE5861F0B80A900B8B22C /* PhotoViewer_sample */ = {
			isa = PBXGroup;
			children = (
				CCCFE5B91F0B80F400B8B22C /* Cells */,
				CCCFE5871F0B80A900B8B22C /* AppDelegate.swift */,
				CC8B842A1F0B8AAE004CFAF5 /* PhotoListViewController.swift */,
				CC4FA36D1F0F462700C8A43E /* ImgViewController.swift */,
				CC8B842C1F0BDC8B004CFAF5 /* Constants.swift */,
				CC4FA36B1F0E955B00C8A43E /* FlickrPhoto.swift */,
				CC4FA3691F0E950F00C8A43E /* FlickrProvider.swift */,
				CCCFE58B1F0B80A900B8B22C /* Main.storyboard */,
				CCCFE58E1F0B80A900B8B22C /* Assets.xcassets */,
				CCCFE5901F0B80A900B8B22C /* LaunchScreen.storyboard */,
				CCCFE5931F0B80A900B8B22C /* Info.plist */,
			);
			path = PhotoViewer_sample;
			sourceTree = "<group>";
		};
		CCCFE59B1F0B80A900B8B22C /* PhotoViewer_sampleTests */ = {
			isa = PBXGroup;
			children = (
				CCCFE59C1F0B80A900B8B22C /* PhotoViewer_sampleTests.swift */,
				CCCFE59E1F0B80A900B8B22C /* Info.plist */,
			);
			path = PhotoViewer_sampleTests;
			sourceTree = "<group>";
		};
		CCCFE5A61F0B80A900B8B22C /* PhotoViewer_sampleUITests */ = {
			isa = PBXGroup;
			children = (
				CCCFE5A71F0B80A900B8B22C /* PhotoViewer_sampleUITests.swift */,
				CCCFE5A91F0B80A900B8B22C /* Info.plist */,
			);
			path = PhotoViewer_sampleUITests;
			sourceTree = "<group>";
		};
		CCCFE5B91F0B80F400B8B22C /* Cells */ = {
			isa = PBXGroup;
			children = (
				CCCFE5B51F0B80EC00B8B22C /* PhotoListTableViewCell.swift */,
				CCCFE5B61F0B80EC00B8B22C /* PhotoListTableViewCell.xib */,
			);
			name = Cells;
			sourceTree = "<group>";
		};
		E010F942C76703CFD773B5F6 /* Pods */ = {
			isa = PBXGroup;
			children = (
				42AF56FD5BBA9CD51B929226 /* Pods-PhotoViewer_sample.debug.xcconfig */,
				43469BD44A3EBCD38AAE9EEE /* Pods-PhotoViewer_sample.release.xcconfig */,
				663B80D5BAAADF5D8D90BF91 /* Pods-PhotoViewer_sampleTests.debug.xcconfig */,
				85D33DA7D3666861A5DC4CFC /* Pods-PhotoViewer_sampleTests.release.xcconfig */,
				62A8D4228FA2933AEED9645C /* Pods-PhotoViewer_sampleUITests.debug.xcconfig */,
				6E4F1EDB3988BFFC9E179117 /* Pods-PhotoViewer_sampleUITests.release.xcconfig */,
			);
			name = Pods;
			sourceTree = "<group>";
		};
/* End PBXGroup section */

/* Begin PBXNativeTarget section */
		CCCFE5831F0B80A900B8B22C /* PhotoViewer_sample */ = {
			isa = PBXNativeTarget;
			buildConfigurationList = CCCFE5AC1F0B80A900B8B22C /* Build configuration list for PBXNativeTarget "PhotoViewer_sample" */;
			buildPhases = (
				07A016B7FEE8BB2DF3D2487B /* [CP] Check Pods Manifest.lock */,
				CCCFE5801F0B80A900B8B22C /* Sources */,
				CCCFE5811F0B80A900B8B22C /* Frameworks */,
				CCCFE5821F0B80A900B8B22C /* Resources */,
				6A1C5D9925B641B50A662948 /* [CP] Embed Pods Frameworks */,
				037899566F63FC970AC1D72B /* [CP] Copy Pods Resources */,
			);
			buildRules = (
			);
			dependencies = (
			);
			name = PhotoViewer_sample;
			productName = PhotoViewer_sample;
			productReference = CCCFE5841F0B80A900B8B22C /* PhotoViewer_sample.app */;
			productType = "com.apple.product-type.application";
		};
		CCCFE5971F0B80A900B8B22C /* PhotoViewer_sampleTests */ = {
			isa = PBXNativeTarget;
			buildConfigurationList = CCCFE5AF1F0B80A900B8B22C /* Build configuration list for PBXNativeTarget "PhotoViewer_sampleTests" */;
			buildPhases = (
				6C1CCB4F30B8CD2546552C5C /* [CP] Check Pods Manifest.lock */,
				CCCFE5941F0B80A900B8B22C /* Sources */,
				CCCFE5951F0B80A900B8B22C /* Frameworks */,
				CCCFE5961F0B80A900B8B22C /* Resources */,
				8D2C3F89AD7E470ECFEA2EBD /* [CP] Embed Pods Frameworks */,
				962D738DF86377D1F38152DA /* [CP] Copy Pods Resources */,
			);
			buildRules = (
			);
			dependencies = (
				CCCFE59A1F0B80A900B8B22C /* PBXTargetDependency */,
			);
			name = PhotoViewer_sampleTests;
			productName = PhotoViewer_sampleTests;
			productReference = CCCFE5981F0B80A900B8B22C /* PhotoViewer_sampleTests.xctest */;
			productType = "com.apple.product-type.bundle.unit-test";
		};
		CCCFE5A21F0B80A900B8B22C /* PhotoViewer_sampleUITests */ = {
			isa = PBXNativeTarget;
			buildConfigurationList = CCCFE5B21F0B80A900B8B22C /* Build configuration list for PBXNativeTarget "PhotoViewer_sampleUITests" */;
			buildPhases = (
				1C15E52E71E329912C87CDF0 /* [CP] Check Pods Manifest.lock */,
				CCCFE59F1F0B80A900B8B22C /* Sources */,
				CCCFE5A01F0B80A900B8B22C /* Frameworks */,
				CCCFE5A11F0B80A900B8B22C /* Resources */,
				C4E77C1572D0D83AFC5152E1 /* [CP] Embed Pods Frameworks */,
				6797905BF38DC7BCD78DE941 /* [CP] Copy Pods Resources */,
			);
			buildRules = (
			);
			dependencies = (
				CCCFE5A51F0B80A900B8B22C /* PBXTargetDependency */,
			);
			name = PhotoViewer_sampleUITests;
			productName = PhotoViewer_sampleUITests;
			productReference = CCCFE5A31F0B80A900B8B22C /* PhotoViewer_sampleUITests.xctest */;
			productType = "com.apple.product-type.bundle.ui-testing";
		};
/* End PBXNativeTarget section */

/* Begin PBXProject section */
		CCCFE57C1F0B80A900B8B22C /* Project object */ = {
			isa = PBXProject;
			attributes = {
				LastSwiftUpdateCheck = 0830;
				LastUpgradeCheck = 0830;
				ORGANIZATIONNAME = "鳥居隆弘";
				TargetAttributes = {
					CCCFE5831F0B80A900B8B22C = {
						CreatedOnToolsVersion = 8.3;
						DevelopmentTeam = DJMA973CXQ;
						ProvisioningStyle = Automatic;
					};
					CCCFE5971F0B80A900B8B22C = {
						CreatedOnToolsVersion = 8.3;
						DevelopmentTeam = DJMA973CXQ;
						ProvisioningStyle = Automatic;
						TestTargetID = CCCFE5831F0B80A900B8B22C;
					};
					CCCFE5A21F0B80A900B8B22C = {
						CreatedOnToolsVersion = 8.3;
						DevelopmentTeam = DJMA973CXQ;
						ProvisioningStyle = Automatic;
						TestTargetID = CCCFE5831F0B80A900B8B22C;
					};
				};
			};
			buildConfigurationList = CCCFE57F1F0B80A900B8B22C /* Build configuration list for PBXProject "PhotoViewer_sample" */;
			compatibilityVersion = "Xcode 3.2";
			developmentRegion = English;
			hasScannedForEncodings = 0;
			knownRegions = (
				en,
				Base,
			);
			mainGroup = CCCFE57B1F0B80A900B8B22C;
			productRefGroup = CCCFE5851F0B80A900B8B22C /* Products */;
			projectDirPath = "";
			projectRoot = "";
			targets = (
				CCCFE5831F0B80A900B8B22C /* PhotoViewer_sample */,
				CCCFE5971F0B80A900B8B22C /* PhotoViewer_sampleTests */,
				CCCFE5A21F0B80A900B8B22C /* PhotoViewer_sampleUITests */,
			);
		};
/* End PBXProject section */

/* Begin PBXResourcesBuildPhase section */
		CCCFE5821F0B80A900B8B22C /* Resources */ = {
			isa = PBXResourcesBuildPhase;
			buildActionMask = 2147483647;
			files = (
				CCCFE5B81F0B80EC00B8B22C /* PhotoListTableViewCell.xib in Resources */,
				CCCFE5921F0B80A900B8B22C /* LaunchScreen.storyboard in Resources */,
				CCCFE58F1F0B80A900B8B22C /* Assets.xcassets in Resources */,
				CCCFE58D1F0B80A900B8B22C /* Main.storyboard in Resources */,
			);
			runOnlyForDeploymentPostprocessing = 0;
		};
		CCCFE5961F0B80A900B8B22C /* Resources */ = {
			isa = PBXResourcesBuildPhase;
			buildActionMask = 2147483647;
			files = (
			);
			runOnlyForDeploymentPostprocessing = 0;
		};
		CCCFE5A11F0B80A900B8B22C /* Resources */ = {
			isa = PBXResourcesBuildPhase;
			buildActionMask = 2147483647;
			files = (
			);
			runOnlyForDeploymentPostprocessing = 0;
		};
/* End PBXResourcesBuildPhase section */

/* Begin PBXShellScriptBuildPhase section */
		037899566F63FC970AC1D72B /* [CP] Copy Pods Resources */ = {
			isa = PBXShellScriptBuildPhase;
			buildActionMask = 2147483647;
			files = (
			);
			inputPaths = (
			);
			name = "[CP] Copy Pods Resources";
			outputPaths = (
			);
			runOnlyForDeploymentPostprocessing = 0;
			shellPath = /bin/sh;
			shellScript = "\"${SRCROOT}/Pods/Target Support Files/Pods-PhotoViewer_sample/Pods-PhotoViewer_sample-resources.sh\"\n";
			showEnvVarsInLog = 0;
		};
		07A016B7FEE8BB2DF3D2487B /* [CP] Check Pods Manifest.lock */ = {
			isa = PBXShellScriptBuildPhase;
			buildActionMask = 2147483647;
			files = (
			);
			inputPaths = (
			);
			name = "[CP] Check Pods Manifest.lock";
			outputPaths = (
			);
			runOnlyForDeploymentPostprocessing = 0;
			shellPath = /bin/sh;
			shellScript = "diff \"${PODS_ROOT}/../Podfile.lock\" \"${PODS_ROOT}/Manifest.lock\" > /dev/null\nif [ $? != 0 ] ; then\n    # print error to STDERR\n    echo \"error: The sandbox is not in sync with the Podfile.lock. Run 'pod install' or update your CocoaPods installation.\" >&2\n    exit 1\nfi\n";
			showEnvVarsInLog = 0;
		};
		1C15E52E71E329912C87CDF0 /* [CP] Check Pods Manifest.lock */ = {
			isa = PBXShellScriptBuildPhase;
			buildActionMask = 2147483647;
			files = (
			);
			inputPaths = (
			);
			name = "[CP] Check Pods Manifest.lock";
			outputPaths = (
			);
			runOnlyForDeploymentPostprocessing = 0;
			shellPath = /bin/sh;
			shellScript = "diff \"${PODS_ROOT}/../Podfile.lock\" \"${PODS_ROOT}/Manifest.lock\" > /dev/null\nif [ $? != 0 ] ; then\n    # print error to STDERR\n    echo \"error: The sandbox is not in sync with the Podfile.lock. Run 'pod install' or update your CocoaPods installation.\" >&2\n    exit 1\nfi\n";
			showEnvVarsInLog = 0;
		};
		6797905BF38DC7BCD78DE941 /* [CP] Copy Pods Resources */ = {
			isa = PBXShellScriptBuildPhase;
			buildActionMask = 2147483647;
			files = (
			);
			inputPaths = (
			);
			name = "[CP] Copy Pods Resources";
			outputPaths = (
			);
			runOnlyForDeploymentPostprocessing = 0;
			shellPath = /bin/sh;
			shellScript = "\"${SRCROOT}/Pods/Target Support Files/Pods-PhotoViewer_sampleUITests/Pods-PhotoViewer_sampleUITests-resources.sh\"\n";
			showEnvVarsInLog = 0;
		};
		6A1C5D9925B641B50A662948 /* [CP] Embed Pods Frameworks */ = {
			isa = PBXShellScriptBuildPhase;
			buildActionMask = 2147483647;
			files = (
			);
			inputPaths = (
			);
			name = "[CP] Embed Pods Frameworks";
			outputPaths = (
			);
			runOnlyForDeploymentPostprocessing = 0;
			shellPath = /bin/sh;
			shellScript = "\"${SRCROOT}/Pods/Target Support Files/Pods-PhotoViewer_sample/Pods-PhotoViewer_sample-frameworks.sh\"\n";
			showEnvVarsInLog = 0;
		};
		6C1CCB4F30B8CD2546552C5C /* [CP] Check Pods Manifest.lock */ = {
			isa = PBXShellScriptBuildPhase;
			buildActionMask = 2147483647;
			files = (
			);
			inputPaths = (
			);
			name = "[CP] Check Pods Manifest.lock";
			outputPaths = (
			);
			runOnlyForDeploymentPostprocessing = 0;
			shellPath = /bin/sh;
			shellScript = "diff \"${PODS_ROOT}/../Podfile.lock\" \"${PODS_ROOT}/Manifest.lock\" > /dev/null\nif [ $? != 0 ] ; then\n    # print error to STDERR\n    echo \"error: The sandbox is not in sync with the Podfile.lock. Run 'pod install' or update your CocoaPods installation.\" >&2\n    exit 1\nfi\n";
			showEnvVarsInLog = 0;
		};
		8D2C3F89AD7E470ECFEA2EBD /* [CP] Embed Pods Frameworks */ = {
			isa = PBXShellScriptBuildPhase;
			buildActionMask = 2147483647;
			files = (
			);
			inputPaths = (
			);
			name = "[CP] Embed Pods Frameworks";
			outputPaths = (
			);
			runOnlyForDeploymentPostprocessing = 0;
			shellPath = /bin/sh;
			shellScript = "\"${SRCROOT}/Pods/Target Support Files/Pods-PhotoViewer_sampleTests/Pods-PhotoViewer_sampleTests-frameworks.sh\"\n";
			showEnvVarsInLog = 0;
		};
		962D738DF86377D1F38152DA /* [CP] Copy Pods Resources */ = {
			isa = PBXShellScriptBuildPhase;
			buildActionMask = 2147483647;
			files = (
			);
			inputPaths = (
			);
			name = "[CP] Copy Pods Resources";
			outputPaths = (
			);
			runOnlyForDeploymentPostprocessing = 0;
			shellPath = /bin/sh;
			shellScript = "\"${SRCROOT}/Pods/Target Support Files/Pods-PhotoViewer_sampleTests/Pods-PhotoViewer_sampleTests-resources.sh\"\n";
			showEnvVarsInLog = 0;
		};
		C4E77C1572D0D83AFC5152E1 /* [CP] Embed Pods Frameworks */ = {
			isa = PBXShellScriptBuildPhase;
			buildActionMask = 2147483647;
			files = (
			);
			inputPaths = (
			);
			name = "[CP] Embed Pods Frameworks";
			outputPaths = (
			);
			runOnlyForDeploymentPostprocessing = 0;
			shellPath = /bin/sh;
			shellScript = "\"${SRCROOT}/Pods/Target Support Files/Pods-PhotoViewer_sampleUITests/Pods-PhotoViewer_sampleUITests-frameworks.sh\"\n";
			showEnvVarsInLog = 0;
		};
/* End PBXShellScriptBuildPhase section */

/* Begin PBXSourcesBuildPhase section */
		CCCFE5801F0B80A900B8B22C /* Sources */ = {
			isa = PBXSourcesBuildPhase;
			buildActionMask = 2147483647;
			files = (
				CC8B842D1F0BDC8B004CFAF5 /* Constants.swift in Sources */,
				CC4FA36C1F0E955B00C8A43E /* FlickrPhoto.swift in Sources */,
				CCCFE5B71F0B80EC00B8B22C /* PhotoListTableViewCell.swift in Sources */,
				CC4FA36E1F0F462700C8A43E /* ImgViewController.swift in Sources */,
				CC4FA36A1F0E951000C8A43E /* FlickrProvider.swift in Sources */,
				CC8B842B1F0B8AAE004CFAF5 /* PhotoListViewController.swift in Sources */,
				CCCFE5881F0B80A900B8B22C /* AppDelegate.swift in Sources */,
			);
			runOnlyForDeploymentPostprocessing = 0;
		};
		CCCFE5941F0B80A900B8B22C /* Sources */ = {
			isa = PBXSourcesBuildPhase;
			buildActionMask = 2147483647;
			files = (
				CCCFE59D1F0B80A900B8B22C /* PhotoViewer_sampleTests.swift in Sources */,
			);
			runOnlyForDeploymentPostprocessing = 0;
		};
		CCCFE59F1F0B80A900B8B22C /* Sources */ = {
			isa = PBXSourcesBuildPhase;
			buildActionMask = 2147483647;
			files = (
				CCCFE5A81F0B80A900B8B22C /* PhotoViewer_sampleUITests.swift in Sources */,
			);
			runOnlyForDeploymentPostprocessing = 0;
		};
/* End PBXSourcesBuildPhase section */

/* Begin PBXTargetDependency section */
		CCCFE59A1F0B80A900B8B22C /* PBXTargetDependency */ = {
			isa = PBXTargetDependency;
			target = CCCFE5831F0B80A900B8B22C /* PhotoViewer_sample */;
			targetProxy = CCCFE5991F0B80A900B8B22C /* PBXContainerItemProxy */;
		};
		CCCFE5A51F0B80A900B8B22C /* PBXTargetDependency */ = {
			isa = PBXTargetDependency;
			target = CCCFE5831F0B80A900B8B22C /* PhotoViewer_sample */;
			targetProxy = CCCFE5A41F0B80A900B8B22C /* PBXContainerItemProxy */;
		};
/* End PBXTargetDependency section */

/* Begin PBXVariantGroup section */
		CCCFE58B1F0B80A900B8B22C /* Main.storyboard */ = {
			isa = PBXVariantGroup;
			children = (
				CCCFE58C1F0B80A900B8B22C /* Base */,
			);
			name = Main.storyboard;
			sourceTree = "<group>";
		};
		CCCFE5901F0B80A900B8B22C /* LaunchScreen.storyboard */ = {
			isa = PBXVariantGroup;
			children = (
				CCCFE5911F0B80A900B8B22C /* Base */,
			);
			name = LaunchScreen.storyboard;
			sourceTree = "<group>";
		};
/* End PBXVariantGroup section */

/* Begin XCBuildConfiguration section */
		CCCFE5AA1F0B80A900B8B22C /* Debug */ = {
			isa = XCBuildConfiguration;
			buildSettings = {
				ALWAYS_SEARCH_USER_PATHS = NO;
				CLANG_ANALYZER_NONNULL = YES;
				CLANG_ANALYZER_NUMBER_OBJECT_CONVERSION = YES_AGGRESSIVE;
				CLANG_CXX_LANGUAGE_STANDARD = "gnu++0x";
				CLANG_CXX_LIBRARY = "libc++";
				CLANG_ENABLE_MODULES = YES;
				CLANG_ENABLE_OBJC_ARC = YES;
				CLANG_WARN_BOOL_CONVERSION = YES;
				CLANG_WARN_CONSTANT_CONVERSION = YES;
				CLANG_WARN_DIRECT_OBJC_ISA_USAGE = YES_ERROR;
				CLANG_WARN_DOCUMENTATION_COMMENTS = YES;
				CLANG_WARN_EMPTY_BODY = YES;
				CLANG_WARN_ENUM_CONVERSION = YES;
				CLANG_WARN_INFINITE_RECURSION = YES;
				CLANG_WARN_INT_CONVERSION = YES;
				CLANG_WARN_OBJC_ROOT_CLASS = YES_ERROR;
				CLANG_WARN_SUSPICIOUS_MOVE = YES;
				CLANG_WARN_UNREACHABLE_CODE = YES;
				CLANG_WARN__DUPLICATE_METHOD_MATCH = YES;
				"CODE_SIGN_IDENTITY[sdk=iphoneos*]" = "iPhone Developer";
				COPY_PHASE_STRIP = NO;
				DEBUG_INFORMATION_FORMAT = dwarf;
				ENABLE_STRICT_OBJC_MSGSEND = YES;
				ENABLE_TESTABILITY = YES;
				GCC_C_LANGUAGE_STANDARD = gnu99;
				GCC_DYNAMIC_NO_PIC = NO;
				GCC_NO_COMMON_BLOCKS = YES;
				GCC_OPTIMIZATION_LEVEL = 0;
				GCC_PREPROCESSOR_DEFINITIONS = (
					"DEBUG=1",
					"$(inherited)",
				);
				GCC_WARN_64_TO_32_BIT_CONVERSION = YES;
				GCC_WARN_ABOUT_RETURN_TYPE = YES_ERROR;
				GCC_WARN_UNDECLARED_SELECTOR = YES;
				GCC_WARN_UNINITIALIZED_AUTOS = YES_AGGRESSIVE;
				GCC_WARN_UNUSED_FUNCTION = YES;
				GCC_WARN_UNUSED_VARIABLE = YES;
				IPHONEOS_DEPLOYMENT_TARGET = 10.3;
				MTL_ENABLE_DEBUG_INFO = YES;
				ONLY_ACTIVE_ARCH = YES;
				SDKROOT = iphoneos;
				SWIFT_ACTIVE_COMPILATION_CONDITIONS = DEBUG;
				SWIFT_OPTIMIZATION_LEVEL = "-Onone";
			};
			name = Debug;
		};
		CCCFE5AB1F0B80A900B8B22C /* Release */ = {
			isa = XCBuildConfiguration;
			buildSettings = {
				ALWAYS_SEARCH_USER_PATHS = NO;
				CLANG_ANALYZER_NONNULL = YES;
				CLANG_ANALYZER_NUMBER_OBJECT_CONVERSION = YES_AGGRESSIVE;
				CLANG_CXX_LANGUAGE_STANDARD = "gnu++0x";
				CLANG_CXX_LIBRARY = "libc++";
				CLANG_ENABLE_MODULES = YES;
				CLANG_ENABLE_OBJC_ARC = YES;
				CLANG_WARN_BOOL_CONVERSION = YES;
				CLANG_WARN_CONSTANT_CONVERSION = YES;
				CLANG_WARN_DIRECT_OBJC_ISA_USAGE = YES_ERROR;
				CLANG_WARN_DOCUMENTATION_COMMENTS = YES;
				CLANG_WARN_EMPTY_BODY = YES;
				CLANG_WARN_ENUM_CONVERSION = YES;
				CLANG_WARN_INFINITE_RECURSION = YES;
				CLANG_WARN_INT_CONVERSION = YES;
				CLANG_WARN_OBJC_ROOT_CLASS = YES_ERROR;
				CLANG_WARN_SUSPICIOUS_MOVE = YES;
				CLANG_WARN_UNREACHABLE_CODE = YES;
				CLANG_WARN__DUPLICATE_METHOD_MATCH = YES;
				"CODE_SIGN_IDENTITY[sdk=iphoneos*]" = "iPhone Developer";
				COPY_PHASE_STRIP = NO;
				DEBUG_INFORMATION_FORMAT = "dwarf-with-dsym";
				ENABLE_NS_ASSERTIONS = NO;
				ENABLE_STRICT_OBJC_MSGSEND = YES;
				GCC_C_LANGUAGE_STANDARD = gnu99;
				GCC_NO_COMMON_BLOCKS = YES;
				GCC_WARN_64_TO_32_BIT_CONVERSION = YES;
				GCC_WARN_ABOUT_RETURN_TYPE = YES_ERROR;
				GCC_WARN_UNDECLARED_SELECTOR = YES;
				GCC_WARN_UNINITIALIZED_AUTOS = YES_AGGRESSIVE;
				GCC_WARN_UNUSED_FUNCTION = YES;
				GCC_WARN_UNUSED_VARIABLE = YES;
				IPHONEOS_DEPLOYMENT_TARGET = 10.3;
				MTL_ENABLE_DEBUG_INFO = NO;
				SDKROOT = iphoneos;
				SWIFT_OPTIMIZATION_LEVEL = "-Owholemodule";
				VALIDATE_PRODUCT = YES;
			};
			name = Release;
		};
		CCCFE5AD1F0B80A900B8B22C /* Debug */ = {
			isa = XCBuildConfiguration;
			baseConfigurationReference = 42AF56FD5BBA9CD51B929226 /* Pods-PhotoViewer_sample.debug.xcconfig */;
			buildSettings = {
				ASSETCATALOG_COMPILER_APPICON_NAME = AppIcon;
				DEVELOPMENT_TEAM = DJMA973CXQ;
				INFOPLIST_FILE = PhotoViewer_sample/Info.plist;
				LD_RUNPATH_SEARCH_PATHS = "$(inherited) @executable_path/Frameworks";
				PRODUCT_BUNDLE_IDENTIFIER = "taka.inc.PhotoViewer-sample";
				PRODUCT_NAME = "$(TARGET_NAME)";
				SWIFT_VERSION = 3.0;
			};
			name = Debug;
		};
		CCCFE5AE1F0B80A900B8B22C /* Release */ = {
			isa = XCBuildConfiguration;
			baseConfigurationReference = 43469BD44A3EBCD38AAE9EEE /* Pods-PhotoViewer_sample.release.xcconfig */;
			buildSettings = {
				ASSETCATALOG_COMPILER_APPICON_NAME = AppIcon;
				DEVELOPMENT_TEAM = DJMA973CXQ;
				INFOPLIST_FILE = PhotoViewer_sample/Info.plist;
				LD_RUNPATH_SEARCH_PATHS = "$(inherited) @executable_path/Frameworks";
				PRODUCT_BUNDLE_IDENTIFIER = "taka.inc.PhotoViewer-sample";
				PRODUCT_NAME = "$(TARGET_NAME)";
				SWIFT_VERSION = 3.0;
			};
			name = Release;
		};
		CCCFE5B01F0B80A900B8B22C /* Debug */ = {
			isa = XCBuildConfiguration;
			baseConfigurationReference = 663B80D5BAAADF5D8D90BF91 /* Pods-PhotoViewer_sampleTests.debug.xcconfig */;
			buildSettings = {
				ALWAYS_EMBED_SWIFT_STANDARD_LIBRARIES = YES;
				BUNDLE_LOADER = "$(TEST_HOST)";
				DEVELOPMENT_TEAM = DJMA973CXQ;
				INFOPLIST_FILE = PhotoViewer_sampleTests/Info.plist;
				LD_RUNPATH_SEARCH_PATHS = "$(inherited) @executable_path/Frameworks @loader_path/Frameworks";
				PRODUCT_BUNDLE_IDENTIFIER = "taka.inc.PhotoViewer-sampleTests";
				PRODUCT_NAME = "$(TARGET_NAME)";
				SWIFT_VERSION = 3.0;
				TEST_HOST = "$(BUILT_PRODUCTS_DIR)/PhotoViewer_sample.app/PhotoViewer_sample";
			};
			name = Debug;
		};
		CCCFE5B11F0B80A900B8B22C /* Release */ = {
			isa = XCBuildConfiguration;
			baseConfigurationReference = 85D33DA7D3666861A5DC4CFC /* Pods-PhotoViewer_sampleTests.release.xcconfig */;
			buildSettings = {
				ALWAYS_EMBED_SWIFT_STANDARD_LIBRARIES = YES;
				BUNDLE_LOADER = "$(TEST_HOST)";
				DEVELOPMENT_TEAM = DJMA973CXQ;
				INFOPLIST_FILE = PhotoViewer_sampleTests/Info.plist;
				LD_RUNPATH_SEARCH_PATHS = "$(inherited) @executable_path/Frameworks @loader_path/Frameworks";
				PRODUCT_BUNDLE_IDENTIFIER = "taka.inc.PhotoViewer-sampleTests";
				PRODUCT_NAME = "$(TARGET_NAME)";
				SWIFT_VERSION = 3.0;
				TEST_HOST = "$(BUILT_PRODUCTS_DIR)/PhotoViewer_sample.app/PhotoViewer_sample";
			};
			name = Release;
		};
		CCCFE5B31F0B80A900B8B22C /* Debug */ = {
			isa = XCBuildConfiguration;
			baseConfigurationReference = 62A8D4228FA2933AEED9645C /* Pods-PhotoViewer_sampleUITests.debug.xcconfig */;
			buildSettings = {
				ALWAYS_EMBED_SWIFT_STANDARD_LIBRARIES = YES;
				DEVELOPMENT_TEAM = DJMA973CXQ;
				INFOPLIST_FILE = PhotoViewer_sampleUITests/Info.plist;
				LD_RUNPATH_SEARCH_PATHS = "$(inherited) @executable_path/Frameworks @loader_path/Frameworks";
				PRODUCT_BUNDLE_IDENTIFIER = "taka.inc.PhotoViewer-sampleUITests";
				PRODUCT_NAME = "$(TARGET_NAME)";
				SWIFT_VERSION = 3.0;
				TEST_TARGET_NAME = PhotoViewer_sample;
			};
			name = Debug;
		};
		CCCFE5B41F0B80A900B8B22C /* Release */ = {
			isa = XCBuildConfiguration;
			baseConfigurationReference = 6E4F1EDB3988BFFC9E179117 /* Pods-PhotoViewer_sampleUITests.release.xcconfig */;
			buildSettings = {
				ALWAYS_EMBED_SWIFT_STANDARD_LIBRARIES = YES;
				DEVELOPMENT_TEAM = DJMA973CXQ;
				INFOPLIST_FILE = PhotoViewer_sampleUITests/Info.plist;
				LD_RUNPATH_SEARCH_PATHS = "$(inherited) @executable_path/Frameworks @loader_path/Frameworks";
				PRODUCT_BUNDLE_IDENTIFIER = "taka.inc.PhotoViewer-sampleUITests";
				PRODUCT_NAME = "$(TARGET_NAME)";
				SWIFT_VERSION = 3.0;
				TEST_TARGET_NAME = PhotoViewer_sample;
			};
			name = Release;
		};
/* End XCBuildConfiguration section */

/* Begin XCConfigurationList section */
		CCCFE57F1F0B80A900B8B22C /* Build configuration list for PBXProject "PhotoViewer_sample" */ = {
			isa = XCConfigurationList;
			buildConfigurations = (
				CCCFE5AA1F0B80A900B8B22C /* Debug */,
				CCCFE5AB1F0B80A900B8B22C /* Release */,
			);
			defaultConfigurationIsVisible = 0;
			defaultConfigurationName = Release;
		};
		CCCFE5AC1F0B80A900B8B22C /* Build configuration list for PBXNativeTarget "PhotoViewer_sample" */ = {
			isa = XCConfigurationList;
			buildConfigurations = (
				CCCFE5AD1F0B80A900B8B22C /* Debug */,
				CCCFE5AE1F0B80A900B8B22C /* Release */,
			);
			defaultConfigurationIsVisible = 0;
			defaultConfigurationName = Release;
		};
		CCCFE5AF1F0B80A900B8B22C /* Build configuration list for PBXNativeTarget "PhotoViewer_sampleTests" */ = {
			isa = XCConfigurationList;
			buildConfigurations = (
				CCCFE5B01F0B80A900B8B22C /* Debug */,
				CCCFE5B11F0B80A900B8B22C /* Release */,
			);
			defaultConfigurationIsVisible = 0;
			defaultConfigurationName = Release;
		};
		CCCFE5B21F0B80A900B8B22C /* Build configuration list for PBXNativeTarget "PhotoViewer_sampleUITests" */ = {
			isa = XCConfigurationList;
			buildConfigurations = (
				CCCFE5B31F0B80A900B8B22C /* Debug */,
				CCCFE5B41F0B80A900B8B22C /* Release */,
			);
			defaultConfigurationIsVisible = 0;
			defaultConfigurationName = Release;
		};
/* End XCConfigurationList section */
	};
	rootObject = CCCFE57C1F0B80A900B8B22C /* Project object */;
}
